// !$*UTF8*$!
{
	archiveVersion = 1;
	classes = {
	};
	objectVersion = 77;
	objects = {

/* Begin PBXBuildFile section */
		058CA10E4972F6F87EB123C7 /* Flows.swift in Sources */ = {isa = PBXBuildFile; fileRef = B6CAEE319BD1915BE82F4880 /* Flows.swift */; };
		085496E0265E938FA1D5996B /* Models.swift in Sources */ = {isa = PBXBuildFile; fileRef = 534865698659E829E6586B49 /* Models.swift */; };
		08B5A099922BF433460C83FB /* AutomationViews.swift in Sources */ = {isa = PBXBuildFile; fileRef = 9DD2F935DF7A32E3804D4ECB /* AutomationViews.swift */; };
		1767A28ED74EF4070C26AC5C /* InlineEditors.swift in Sources */ = {isa = PBXBuildFile; fileRef = 990A3786A5DA6ECF1C451A2B /* InlineEditors.swift */; };
		4039E4108CAFAA9E1DD5F5C4 /* ContentView.swift in Sources */ = {isa = PBXBuildFile; fileRef = EFF6B0836E900A30342E0501 /* ContentView.swift */; };
		4417805D544535FA9509D33A /* ChamaeleonApp.swift in Sources */ = {isa = PBXBuildFile; fileRef = B2F461DC464DB648E236420F /* ChamaeleonApp.swift */; };
		4A7E30A3E3D7F3C4E482F45D /* HomeSettingsView.swift in Sources */ = {isa = PBXBuildFile; fileRef = 2890385F303105C17FCFBEF5 /* HomeSettingsView.swift */; };
		638FFACD1C601D2CA653CEEF /* SplitView.swift in Sources */ = {isa = PBXBuildFile; fileRef = 67019C7420B61B2B9D456497 /* SplitView.swift */; };
		9F60AFBE56472356BE1AC52B /* StartView.swift in Sources */ = {isa = PBXBuildFile; fileRef = BEAF0272A211B254419A134C /* StartView.swift */; };
		A20E7F615E12C9A69F5BC3CD /* BrowserView.swift in Sources */ = {isa = PBXBuildFile; fileRef = DDAA831A329E93EC2B1F7157 /* BrowserView.swift */; };
		AC611DB15E68D62C10886D58 /* HomeExtras.swift in Sources */ = {isa = PBXBuildFile; fileRef = 1E4779EC0403DAA74E9248CB /* HomeExtras.swift */; };
		CA3D8516F5C38242E1458E2B /* LibraryView.swift in Sources */ = {isa = PBXBuildFile; fileRef = E780023D128EA391150AC23E /* LibraryView.swift */; };
		EF8024589AEF48D973ACF5B4 /* SitePanelView.swift in Sources */ = {isa = PBXBuildFile; fileRef = A7F038D9200E4F792CAA06C3 /* SitePanelView.swift */; };
		FE4C7156642D3D3FA2EC2154 /* Assets.xcassets in Resources */ = {isa = PBXBuildFile; fileRef = 6844D9CDAE8B6AEC266DFCBD /* Assets.xcassets */; };
/* End PBXBuildFile section */

/* Begin PBXFileReference section */
		0801B4DA839C7757AA452DFA /* Chamaeleon.app */ = {isa = PBXFileReference; includeInIndex = 0; lastKnownFileType = wrapper.application; path = Chamaeleon.app; sourceTree = BUILT_PRODUCTS_DIR; };
		1E4779EC0403DAA74E9248CB /* HomeExtras.swift */ = {isa = PBXFileReference; lastKnownFileType = sourcecode.swift; path = HomeExtras.swift; sourceTree = "<group>"; };
		2890385F303105C17FCFBEF5 /* HomeSettingsView.swift */ = {isa = PBXFileReference; lastKnownFileType = sourcecode.swift; path = HomeSettingsView.swift; sourceTree = "<group>"; };
		534865698659E829E6586B49 /* Models.swift */ = {isa = PBXFileReference; lastKnownFileType = sourcecode.swift; path = Models.swift; sourceTree = "<group>"; };
		67019C7420B61B2B9D456497 /* SplitView.swift */ = {isa = PBXFileReference; lastKnownFileType = sourcecode.swift; path = SplitView.swift; sourceTree = "<group>"; };
		6844D9CDAE8B6AEC266DFCBD /* Assets.xcassets */ = {isa = PBXFileReference; lastKnownFileType = folder.assetcatalog; path = Assets.xcassets; sourceTree = "<group>"; };
		990A3786A5DA6ECF1C451A2B /* InlineEditors.swift */ = {isa = PBXFileReference; lastKnownFileType = sourcecode.swift; path = InlineEditors.swift; sourceTree = "<group>"; };
		9DD2F935DF7A32E3804D4ECB /* AutomationViews.swift */ = {isa = PBXFileReference; lastKnownFileType = sourcecode.swift; path = AutomationViews.swift; sourceTree = "<group>"; };
		A7F038D9200E4F792CAA06C3 /* SitePanelView.swift */ = {isa = PBXFileReference; lastKnownFileType = sourcecode.swift; path = SitePanelView.swift; sourceTree = "<group>"; };
		B2F461DC464DB648E236420F /* ChamaeleonApp.swift */ = {isa = PBXFileReference; lastKnownFileType = sourcecode.swift; path = ChamaeleonApp.swift; sourceTree = "<group>"; };
		B6CAEE319BD1915BE82F4880 /* Flows.swift */ = {isa = PBXFileReference; lastKnownFileType = sourcecode.swift; path = Flows.swift; sourceTree = "<group>"; };
		BEAF0272A211B254419A134C /* StartView.swift */ = {isa = PBXFileReference; lastKnownFileType = sourcecode.swift; path = StartView.swift; sourceTree = "<group>"; };
		DDAA831A329E93EC2B1F7157 /* BrowserView.swift */ = {isa = PBXFileReference; lastKnownFileType = sourcecode.swift; path = BrowserView.swift; sourceTree = "<group>"; };
		E780023D128EA391150AC23E /* LibraryView.swift */ = {isa = PBXFileReference; lastKnownFileType = sourcecode.swift; path = LibraryView.swift; sourceTree = "<group>"; };
		EFF6B0836E900A30342E0501 /* ContentView.swift */ = {isa = PBXFileReference; lastKnownFileType = sourcecode.swift; path = ContentView.swift; sourceTree = "<group>"; };
/* End PBXFileReference section */

/* Begin PBXGroup section */
		61AA098F66518A615FD336B9 /* Chamaeleon */ = {
			isa = PBXGroup;
			children = (
				6844D9CDAE8B6AEC266DFCBD /* Assets.xcassets */,
				9DD2F935DF7A32E3804D4ECB /* AutomationViews.swift */,
				DDAA831A329E93EC2B1F7157 /* BrowserView.swift */,
				B2F461DC464DB648E236420F /* ChamaeleonApp.swift */,
				EFF6B0836E900A30342E0501 /* ContentView.swift */,
				B6CAEE319BD1915BE82F4880 /* Flows.swift */,
				1E4779EC0403DAA74E9248CB /* HomeExtras.swift */,
				2890385F303105C17FCFBEF5 /* HomeSettingsView.swift */,
				990A3786A5DA6ECF1C451A2B /* InlineEditors.swift */,
				E780023D128EA391150AC23E /* LibraryView.swift */,
				534865698659E829E6586B49 /* Models.swift */,
				A7F038D9200E4F792CAA06C3 /* SitePanelView.swift */,
				67019C7420B61B2B9D456497 /* SplitView.swift */,
				BEAF0272A211B254419A134C /* StartView.swift */,
			);
			path = Chamaeleon;
			sourceTree = "<group>";
		};
		A19D4CD2AC83AF41FDE2E511 /* Products */ = {
			isa = PBXGroup;
			children = (
				0801B4DA839C7757AA452DFA /* Chamaeleon.app */,
			);
			name = Products;
			sourceTree = "<group>";
		};
		C7B3BDD22BC3BD6177164E67 = {
			isa = PBXGroup;
			children = (
				61AA098F66518A615FD336B9 /* Chamaeleon */,
				A19D4CD2AC83AF41FDE2E511 /* Products */,
			);
			sourceTree = "<group>";
		};
/* End PBXGroup section */

/* Begin PBXNativeTarget section */
		B792C428828EB62908AC4E41 /* Chamaeleon */ = {
			isa = PBXNativeTarget;
			buildConfigurationList = F14B8576C9A14481A65E9576 /* Build configuration list for PBXNativeTarget "Chamaeleon" */;
			buildPhases = (
				1DFB882B46D46F2FA16D43DF /* Sources */,
				394E75C0CDF2A84618F9E2A7 /* Resources */,
			);
			buildRules = (
			);
			dependencies = (
			);
			name = Chamaeleon;
			packageProductDependencies = (
			);
			productName = Chamaeleon;
			productReference = 0801B4DA839C7757AA452DFA /* Chamaeleon.app */;
			productType = "com.apple.product-type.application";
		};
/* End PBXNativeTarget section */

/* Begin PBXProject section */
		8A915A6311E6FA66DAAB7F69 /* Project object */ = {
			isa = PBXProject;
			attributes = {
				BuildIndependentTargetsInParallel = YES;
				LastUpgradeCheck = 9999;
				TargetAttributes = {
					B792C428828EB62908AC4E41 = {
						ProvisioningStyle = Automatic;
					};
				};
			};
			buildConfigurationList = 0F717903CBEBB407A95380CF /* Build configuration list for PBXProject "Chamaeleon" */;
			developmentRegion = en;
			hasScannedForEncodings = 0;
			knownRegions = (
				Base,
				en,
			);
			mainGroup = C7B3BDD22BC3BD6177164E67;
			minimizedProjectReferenceProxies = 1;
			preferredProjectObjectVersion = 77;
			productRefGroup = A19D4CD2AC83AF41FDE2E511 /* Products */;
			projectDirPath = "";
			projectRoot = "";
			targets = (
				B792C428828EB62908AC4E41 /* Chamaeleon */,
			);
		};
/* End PBXProject section */

/* Begin PBXResourcesBuildPhase section */
		394E75C0CDF2A84618F9E2A7 /* Resources */ = {
			isa = PBXResourcesBuildPhase;
			buildActionMask = 2147483647;
			files = (
				FE4C7156642D3D3FA2EC2154 /* Assets.xcassets in Resources */,
			);
			runOnlyForDeploymentPostprocessing = 0;
		};
/* End PBXResourcesBuildPhase section */

/* Begin PBXSourcesBuildPhase section */
		1DFB882B46D46F2FA16D43DF /* Sources */ = {
			isa = PBXSourcesBuildPhase;
			buildActionMask = 2147483647;
			files = (
				08B5A099922BF433460C83FB /* AutomationViews.swift in Sources */,
				A20E7F615E12C9A69F5BC3CD /* BrowserView.swift in Sources */,
				4417805D544535FA9509D33A /* ChamaeleonApp.swift in Sources */,
				4039E4108CAFAA9E1DD5F5C4 /* ContentView.swift in Sources */,
				058CA10E4972F6F87EB123C7 /* Flows.swift in Sources */,
				AC611DB15E68D62C10886D58 /* HomeExtras.swift in Sources */,
				4A7E30A3E3D7F3C4E482F45D /* HomeSettingsView.swift in Sources */,
				1767A28ED74EF4070C26AC5C /* InlineEditors.swift in Sources */,
				CA3D8516F5C38242E1458E2B /* LibraryView.swift in Sources */,
				085496E0265E938FA1D5996B /* Models.swift in Sources */,
				EF8024589AEF48D973ACF5B4 /* SitePanelView.swift in Sources */,
				638FFACD1C601D2CA653CEEF /* SplitView.swift in Sources */,
				9F60AFBE56472356BE1AC52B /* StartView.swift in Sources */,
			);
			runOnlyForDeploymentPostprocessing = 0;
		};
/* End PBXSourcesBuildPhase section */

/* Begin XCBuildConfiguration section */
		26125F64F0CFCBC7743F4C57 /* Release */ = {
			isa = XCBuildConfiguration;
			buildSettings = {
				ASSETCATALOG_COMPILER_APPICON_NAME = AppIcon;
				CODE_SIGN_IDENTITY = "iPhone Developer";
				DERIVE_MACCATALYST_PRODUCT_BUNDLE_IDENTIFIER = YES;
				LD_RUNPATH_SEARCH_PATHS = (
					"$(inherited)",
					"@executable_path/Frameworks",
				);
				MACOSX_DEPLOYMENT_TARGET = 13.0;
				PRODUCT_BUNDLE_IDENTIFIER = com.awokela.chamaeleon.ios;
				PRODUCT_NAME = Chamaeleon;
				SDKROOT = iphoneos;
				SUPPORTS_MACCATALYST = YES;
				TARGETED_DEVICE_FAMILY = "1,2";
			};
			name = Release;
		};
		333F6E3572C70A0504AD44C1 /* Debug */ = {
			isa = XCBuildConfiguration;
			buildSettings = {
				ASSETCATALOG_COMPILER_APPICON_NAME = AppIcon;
				CODE_SIGN_IDENTITY = "iPhone Developer";
				DERIVE_MACCATALYST_PRODUCT_BUNDLE_IDENTIFIER = YES;
				LD_RUNPATH_SEARCH_PATHS = (
					"$(inherited)",
					"@executable_path/Frameworks",
				);
				MACOSX_DEPLOYMENT_TARGET = 13.0;
				PRODUCT_BUNDLE_IDENTIFIER = com.awokela.chamaeleon.ios;
				PRODUCT_NAME = Chamaeleon;
				SDKROOT = iphoneos;
				SUPPORTS_MACCATALYST = YES;
				TARGETED_DEVICE_FAMILY = "1,2";
			};
			name = Debug;
		};
		B5C50EE8B95A27BF8384F3A5 /* Release */ = {
			isa = XCBuildConfiguration;
			buildSettings = {
				ALWAYS_SEARCH_USER_PATHS = NO;
				CLANG_ANALYZER_NONNULL = YES;
				CLANG_ANALYZER_NUMBER_OBJECT_CONVERSION = YES_AGGRESSIVE;
				CLANG_CXX_LANGUAGE_STANDARD = "gnu++14";
				CLANG_CXX_LIBRARY = "libc++";
				CLANG_ENABLE_MODULES = YES;
				CLANG_ENABLE_OBJC_ARC = YES;
				CLANG_ENABLE_OBJC_WEAK = YES;
				CLANG_WARN_BLOCK_CAPTURE_AUTORELEASING = YES;
				CLANG_WARN_BOOL_CONVERSION = YES;
				CLANG_WARN_COMMA = YES;
				CLANG_WARN_CONSTANT_CONVERSION = YES;
				CLANG_WARN_DEPRECATED_OBJC_IMPLEMENTATIONS = YES;
				CLANG_WARN_DIRECT_OBJC_ISA_USAGE = YES_ERROR;
				CLANG_WARN_DOCUMENTATION_COMMENTS = YES;
				CLANG_WARN_EMPTY_BODY = YES;
				CLANG_WARN_ENUM_CONVERSION = YES;
				CLANG_WARN_INFINITE_RECURSION = YES;
				CLANG_WARN_INT_CONVERSION = YES;
				CLANG_WARN_NON_LITERAL_NULL_CONVERSION = YES;
				CLANG_WARN_OBJC_IMPLICIT_RETAIN_SELF = YES;
				CLANG_WARN_OBJC_LITERAL_CONVERSION = YES;
				CLANG_WARN_OBJC_ROOT_CLASS = YES_ERROR;
				CLANG_WARN_QUOTED_INCLUDE_IN_FRAMEWORK_HEADER = YES;
				CLANG_WARN_RANGE_LOOP_ANALYSIS = YES;
				CLANG_WARN_STRICT_PROTOTYPES = YES;
				CLANG_WARN_SUSPICIOUS_MOVE = YES;
				CLANG_WARN_UNGUARDED_AVAILABILITY = YES_AGGRESSIVE;
				CLANG_WARN_UNREACHABLE_CODE = YES;
				CLANG_WARN__DUPLICATE_METHOD_MATCH = YES;
				CODE_SIGN_STYLE = Automatic;
				COPY_PHASE_STRIP = NO;
				CURRENT_PROJECT_VERSION = 1;
				DEBUG_INFORMATION_FORMAT = "dwarf-with-dsym";
				ENABLE_NS_ASSERTIONS = NO;
				ENABLE_STRICT_OBJC_MSGSEND = YES;
				GCC_C_LANGUAGE_STANDARD = gnu11;
				GCC_NO_COMMON_BLOCKS = YES;
				GCC_WARN_64_TO_32_BIT_CONVERSION = YES;
				GCC_WARN_ABOUT_RETURN_TYPE = YES_ERROR;
				GCC_WARN_UNDECLARED_SELECTOR = YES;
				GCC_WARN_UNINITIALIZED_AUTOS = YES_AGGRESSIVE;
				GCC_WARN_UNUSED_FUNCTION = YES;
				GCC_WARN_UNUSED_VARIABLE = YES;
				GENERATE_INFOPLIST_FILE = YES;
				INFOPLIST_KEY_UILaunchScreen_Generation = YES;
				IPHONEOS_DEPLOYMENT_TARGET = 16.0;
				MARKETING_VERSION = 0.2.0;
				MTL_ENABLE_DEBUG_INFO = NO;
				MTL_FAST_MATH = YES;
				PRODUCT_NAME = "$(TARGET_NAME)";
				SDKROOT = iphoneos;
				SWIFT_COMPILATION_MODE = wholemodule;
				SWIFT_OPTIMIZATION_LEVEL = "-O";
				SWIFT_VERSION = 5.0;
				TARGETED_DEVICE_FAMILY = "1,2";
			};
			name = Release;
		};
		C32768CD5DCD6207B35F7BAB /* Debug */ = {
			isa = XCBuildConfiguration;
			buildSettings = {
				ALWAYS_SEARCH_USER_PATHS = NO;
				CLANG_ANALYZER_NONNULL = YES;
				CLANG_ANALYZER_NUMBER_OBJECT_CONVERSION = YES_AGGRESSIVE;
				CLANG_CXX_LANGUAGE_STANDARD = "gnu++14";
				CLANG_CXX_LIBRARY = "libc++";
				CLANG_ENABLE_MODULES = YES;
				CLANG_ENABLE_OBJC_ARC = YES;
				CLANG_ENABLE_OBJC_WEAK = YES;
				CLANG_WARN_BLOCK_CAPTURE_AUTORELEASING = YES;
				CLANG_WARN_BOOL_CONVERSION = YES;
				CLANG_WARN_COMMA = YES;
				CLANG_WARN_CONSTANT_CONVERSION = YES;
				CLANG_WARN_DEPRECATED_OBJC_IMPLEMENTATIONS = YES;
				CLANG_WARN_DIRECT_OBJC_ISA_USAGE = YES_ERROR;
				CLANG_WARN_DOCUMENTATION_COMMENTS = YES;
				CLANG_WARN_EMPTY_BODY = YES;
				CLANG_WARN_ENUM_CONVERSION = YES;
				CLANG_WARN_INFINITE_RECURSION = YES;
				CLANG_WARN_INT_CONVERSION = YES;
				CLANG_WARN_NON_LITERAL_NULL_CONVERSION = YES;
				CLANG_WARN_OBJC_IMPLICIT_RETAIN_SELF = YES;
				CLANG_WARN_OBJC_LITERAL_CONVERSION = YES;
				CLANG_WARN_OBJC_ROOT_CLASS = YES_ERROR;
				CLANG_WARN_QUOTED_INCLUDE_IN_FRAMEWORK_HEADER = YES;
				CLANG_WARN_RANGE_LOOP_ANALYSIS = YES;
				CLANG_WARN_STRICT_PROTOTYPES = YES;
				CLANG_WARN_SUSPICIOUS_MOVE = YES;
				CLANG_WARN_UNGUARDED_AVAILABILITY = YES_AGGRESSIVE;
				CLANG_WARN_UNREACHABLE_CODE = YES;
				CLANG_WARN__DUPLICATE_METHOD_MATCH = YES;
				CODE_SIGN_STYLE = Automatic;
				COPY_PHASE_STRIP = NO;
				CURRENT_PROJECT_VERSION = 1;
				DEBUG_INFORMATION_FORMAT = dwarf;
				ENABLE_STRICT_OBJC_MSGSEND = YES;
				ENABLE_TESTABILITY = YES;
				GCC_C_LANGUAGE_STANDARD = gnu11;
				GCC_DYNAMIC_NO_PIC = NO;
				GCC_NO_COMMON_BLOCKS = YES;
				GCC_OPTIMIZATION_LEVEL = 0;
				GCC_PREPROCESSOR_DEFINITIONS = (
					"$(inherited)",
					"DEBUG=1",
				);
				GCC_WARN_64_TO_32_BIT_CONVERSION = YES;
				GCC_WARN_ABOUT_RETURN_TYPE = YES_ERROR;
				GCC_WARN_UNDECLARED_SELECTOR = YES;
				GCC_WARN_UNINITIALIZED_AUTOS = YES_AGGRESSIVE;
				GCC_WARN_UNUSED_FUNCTION = YES;
				GCC_WARN_UNUSED_VARIABLE = YES;
				GENERATE_INFOPLIST_FILE = YES;
				INFOPLIST_KEY_UILaunchScreen_Generation = YES;
				IPHONEOS_DEPLOYMENT_TARGET = 16.0;
				MARKETING_VERSION = 0.2.0;
				MTL_ENABLE_DEBUG_INFO = INCLUDE_SOURCE;
				MTL_FAST_MATH = YES;
				ONLY_ACTIVE_ARCH = YES;
				PRODUCT_NAME = "$(TARGET_NAME)";
				SDKROOT = iphoneos;
				SWIFT_ACTIVE_COMPILATION_CONDITIONS = DEBUG;
				SWIFT_OPTIMIZATION_LEVEL = "-Onone";
				SWIFT_VERSION = 5.0;
				TARGETED_DEVICE_FAMILY = "1,2";
			};
			name = Debug;
		};
/* End XCBuildConfiguration section */

/* Begin XCConfigurationList section */
		0F717903CBEBB407A95380CF /* Build configuration list for PBXProject "Chamaeleon" */ = {
			isa = XCConfigurationList;
			buildConfigurations = (
				C32768CD5DCD6207B35F7BAB /* Debug */,
				B5C50EE8B95A27BF8384F3A5 /* Release */,
			);
			defaultConfigurationIsVisible = 0;
			defaultConfigurationName = Debug;
		};
		F14B8576C9A14481A65E9576 /* Build configuration list for PBXNativeTarget "Chamaeleon" */ = {
			isa = XCConfigurationList;
			buildConfigurations = (
				333F6E3572C70A0504AD44C1 /* Debug */,
				26125F64F0CFCBC7743F4C57 /* Release */,
			);
			defaultConfigurationIsVisible = 0;
			defaultConfigurationName = Debug;
		};
/* End XCConfigurationList section */
	};
	rootObject = 8A915A6311E6FA66DAAB7F69 /* Project object */;
}
